// !$*UTF8*$!
{
	archiveVersion = 1;
	classes = {
	};
	objectVersion = 50;
	objects = {

/* Begin PBXBuildFile section */
		28A37D192126BDEF008BA354 /* AppDelegate.swift in Sources */ = {isa = PBXBuildFile; fileRef = 28A37D182126BDEF008BA354 /* AppDelegate.swift */; };
		28A37D1B2126BDEF008BA354 /* ViewController.swift in Sources */ = {isa = PBXBuildFile; fileRef = 28A37D1A2126BDEF008BA354 /* ViewController.swift */; };
		28A37D1D2126BDF0008BA354 /* Assets.xcassets in Resources */ = {isa = PBXBuildFile; fileRef = 28A37D1C2126BDF0008BA354 /* Assets.xcassets */; };
		28A37D202126BDF0008BA354 /* Main.storyboard in Resources */ = {isa = PBXBuildFile; fileRef = 28A37D1E2126BDF0008BA354 /* Main.storyboard */; };
		28A37D2C2126BDF0008BA354 /* MetalRenderImageTests.swift in Sources */ = {isa = PBXBuildFile; fileRef = 28A37D2B2126BDF0008BA354 /* MetalRenderImageTests.swift */; };
		28A37D382126BE27008BA354 /* MetalKit.framework in Frameworks */ = {isa = PBXBuildFile; fileRef = 28A37D372126BE27008BA354 /* MetalKit.framework */; };
		28A37D3A2126BE81008BA354 /* icon.jpg in Resources */ = {isa = PBXBuildFile; fileRef = 28A37D392126BE81008BA354 /* icon.jpg */; };
/* End PBXBuildFile section */

/* Begin PBXContainerItemProxy section */
		28A37D282126BDF0008BA354 /* PBXContainerItemProxy */ = {
			isa = PBXContainerItemProxy;
			containerPortal = 28A37D0D2126BDEF008BA354 /* Project object */;
			proxyType = 1;
			remoteGlobalIDString = 28A37D142126BDEF008BA354;
			remoteInfo = MetalRenderImage;
		};
/* End PBXContainerItemProxy section */

/* Begin PBXFileReference section */
		28A37D152126BDEF008BA354 /* MetalRenderImage.app */ = {isa = PBXFileReference; explicitFileType = wrapper.application; includeInIndex = 0; path = MetalRenderImage.app; sourceTree = BUILT_PRODUCTS_DIR; };
		28A37D182126BDEF008BA354 /* AppDelegate.swift */ = {isa = PBXFileReference; lastKnownFileType = sourcecode.swift; path = AppDelegate.swift; sourceTree = "<group>"; };
		28A37D1A2126BDEF008BA354 /* ViewController.swift */ = {isa = PBXFileReference; lastKnownFileType = sourcecode.swift; path = ViewController.swift; sourceTree = "<group>"; };
		28A37D1C2126BDF0008BA354 /* Assets.xcassets */ = {isa = PBXFileReference; lastKnownFileType = folder.assetcatalog; path = Assets.xcassets; sourceTree = "<group>"; };
		28A37D1F2126BDF0008BA354 /* Base */ = {isa = PBXFileReference; lastKnownFileType = file.storyboard; name = Base; path = Base.lproj/Main.storyboard; sourceTree = "<group>"; };
		28A37D212126BDF0008BA354 /* Info.plist */ = {isa = PBXFileReference; lastKnownFileType = text.plist.xml; path = Info.plist; sourceTree = "<group>"; };
		28A37D222126BDF0008BA354 /* MetalRenderImage.entitlements */ = {isa = PBXFileReference; lastKnownFileType = text.plist.entitlements; path = MetalRenderImage.entitlements; sourceTree = "<group>"; };
		28A37D272126BDF0008BA354 /* MetalRenderImageTests.xctest */ = {isa = PBXFileReference; explicitFileType = wrapper.cfbundle; includeInIndex = 0; path = MetalRenderImageTests.xctest; sourceTree = BUILT_PRODUCTS_DIR; };
		28A37D2B2126BDF0008BA354 /* MetalRenderImageTests.swift */ = {isa = PBXFileReference; lastKnownFileType = sourcecode.swift; path = MetalRenderImageTests.swift; sourceTree = "<group>"; };
		28A37D2D2126BDF0008BA354 /* Info.plist */ = {isa = PBXFileReference; lastKnownFileType = text.plist.xml; path = Info.plist; sourceTree = "<group>"; };
		28A37D372126BE27008BA354 /* MetalKit.framework */ = {isa = PBXFileReference; lastKnownFileType = wrapper.framework; name = MetalKit.framework; path = System/Library/Frameworks/MetalKit.framework; sourceTree = SDKROOT; };
		28A37D392126BE81008BA354 /* icon.jpg */ = {isa = PBXFileReference; lastKnownFileType = image.jpeg; name = icon.jpg; path = ../../../../icon.jpg; sourceTree = "<group>"; };
/* End PBXFileReference section */

/* Begin PBXFrameworksBuildPhase section */
		28A37D122126BDEF008BA354 /* Frameworks */ = {
			isa = PBXFrameworksBuildPhase;
			buildActionMask = 2147483647;
			files = (
				28A37D382126BE27008BA354 /* MetalKit.framework in Frameworks */,
			);
			runOnlyForDeploymentPostprocessing = 0;
		};
		28A37D242126BDF0008BA354 /* Frameworks */ = {
			isa = PBXFrameworksBuildPhase;
			buildActionMask = 2147483647;
			files = (
			);
			runOnlyForDeploymentPostprocessing = 0;
		};
/* End PBXFrameworksBuildPhase section */

/* Begin PBXGroup section */
		28A37D0C2126BDEF008BA354 = {
			isa = PBXGroup;
			children = (
				28A37D172126BDEF008BA354 /* MetalRenderImage */,
				28A37D2A2126BDF0008BA354 /* MetalRenderImageTests */,
				28A37D162126BDEF008BA354 /* Products */,
				28A37D362126BE26008BA354 /* Frameworks */,
			);
			sourceTree = "<group>";
		};
		28A37D162126BDEF008BA354 /* Products */ = {
			isa = PBXGroup;
			children = (
				28A37D152126BDEF008BA354 /* MetalRenderImage.app */,
				28A37D272126BDF0008BA354 /* MetalRenderImageTests.xctest */,
			);
			name = Products;
			sourceTree = "<group>";
		};
		28A37D172126BDEF008BA354 /* MetalRenderImage */ = {
			isa = PBXGroup;
			children = (
				28A37D392126BE81008BA354 /* icon.jpg */,
				28A37D182126BDEF008BA354 /* AppDelegate.swift */,
				28A37D1A2126BDEF008BA354 /* ViewController.swift */,
				28A37D1C2126BDF0008BA354 /* Assets.xcassets */,
				28A37D1E2126BDF0008BA354 /* Main.storyboard */,
				28A37D212126BDF0008BA354 /* Info.plist */,
				28A37D222126BDF0008BA354 /* MetalRenderImage.entitlements */,
			);
			path = MetalRenderImage;
			sourceTree = "<group>";
		};
		28A37D2A2126BDF0008BA354 /* MetalRenderImageTests */ = {
			isa = PBXGroup;
			children = (
				28A37D2B2126BDF0008BA354 /* MetalRenderImageTests.swift */,
				28A37D2D2126BDF0008BA354 /* Info.plist */,
			);
			path = MetalRenderImageTests;
			sourceTree = "<group>";
		};
		28A37D362126BE26008BA354 /* Frameworks */ = {
			isa = PBXGroup;
			children = (
				28A37D372126BE27008BA354 /* MetalKit.framework */,
			);
			name = Frameworks;
			sourceTree = "<group>";
		};
/* End PBXGroup section */

/* Begin PBXNativeTarget section */
		28A37D142126BDEF008BA354 /* MetalRenderImage */ = {
			isa = PBXNativeTarget;
			buildConfigurationList = 28A37D302126BDF0008BA354 /* Build configuration list for PBXNativeTarget "MetalRenderImage" */;
			buildPhases = (
				28A37D112126BDEF008BA354 /* Sources */,
				28A37D122126BDEF008BA354 /* Frameworks */,
				28A37D132126BDEF008BA354 /* Resources */,
			);
			buildRules = (
			);
			dependencies = (
			);
			name = MetalRenderImage;
			productName = MetalRenderImage;
			productReference = 28A37D152126BDEF008BA354 /* MetalRenderImage.app */;
			productType = "com.apple.product-type.application";
		};
		28A37D262126BDF0008BA354 /* MetalRenderImageTests */ = {
			isa = PBXNativeTarget;
			buildConfigurationList = 28A37D332126BDF0008BA354 /* Build configuration list for PBXNativeTarget "MetalRenderImageTests" */;
			buildPhases = (
				28A37D232126BDF0008BA354 /* Sources */,
				28A37D242126BDF0008BA354 /* Frameworks */,
				28A37D252126BDF0008BA354 /* Resources */,
			);
			buildRules = (
			);
			dependencies = (
				28A37D292126BDF0008BA354 /* PBXTargetDependency */,
			);
			name = MetalRenderImageTests;
			productName = MetalRenderImageTests;
			productReference = 28A37D272126BDF0008BA354 /* MetalRenderImageTests.xctest */;
			productType = "com.apple.product-type.bundle.unit-test";
		};
/* End PBXNativeTarget section */

/* Begin PBXProject section */
		28A37D0D2126BDEF008BA354 /* Project object */ = {
			isa = PBXProject;
			attributes = {
				LastSwiftUpdateCheck = 0940;
				LastUpgradeCheck = 0940;
				ORGANIZATIONNAME = "Shuhei Yukawa";
				TargetAttributes = {
					28A37D142126BDEF008BA354 = {
						CreatedOnToolsVersion = 9.4.1;
					};
					28A37D262126BDF0008BA354 = {
						CreatedOnToolsVersion = 9.4.1;
						TestTargetID = 28A37D142126BDEF008BA354;
					};
				};
			};
			buildConfigurationList = 28A37D102126BDEF008BA354 /* Build configuration list for PBXProject "MetalRenderImage" */;
			compatibilityVersion = "Xcode 9.3";
			developmentRegion = en;
			hasScannedForEncodings = 0;
			knownRegions = (
				en,
				Base,
			);
			mainGroup = 28A37D0C2126BDEF008BA354;
			productRefGroup = 28A37D162126BDEF008BA354 /* Products */;
			projectDirPath = "";
			projectRoot = "";
			targets = (
				28A37D142126BDEF008BA354 /* MetalRenderImage */,
				28A37D262126BDF0008BA354 /* MetalRenderImageTests */,
			);
		};
/* End PBXProject section */

/* Begin PBXResourcesBuildPhase section */
		28A37D132126BDEF008BA354 /* Resources */ = {
			isa = PBXResourcesBuildPhase;
			buildActionMask = 2147483647;
			files = (
				28A37D1D2126BDF0008BA354 /* Assets.xcassets in Resources */,
				28A37D3A2126BE81008BA354 /* icon.jpg in Resources */,
				28A37D202126BDF0008BA354 /* Main.storyboard in Resources */,
			);
			runOnlyForDeploymentPostprocessing = 0;
		};
		28A37D252126BDF0008BA354 /* Resources */ = {
			isa = PBXResourcesBuildPhase;
			buildActionMask = 2147483647;
			files = (
			);
			runOnlyForDeploymentPostprocessing = 0;
		};
/* End PBXResourcesBuildPhase section */

/* Begin PBXSourcesBuildPhase section */
		28A37D112126BDEF008BA354 /* Sources */ = {
			isa = PBXSourcesBuildPhase;
			buildActionMask = 2147483647;
			files = (
				28A37D1B2126BDEF008BA354 /* ViewController.swift in Sources */,
				28A37D192126BDEF008BA354 /* AppDelegate.swift in Sources */,
			);
			runOnlyForDeploymentPostprocessing = 0;
		};
		28A37D232126BDF0008BA354 /* Sources */ = {
			isa = PBXSourcesBuildPhase;
			buildActionMask = 2147483647;
			files = (
				28A37D2C2126BDF0008BA354 /* MetalRenderImageTests.swift in Sources */,
			);
			runOnlyForDeploymentPostprocessing = 0;
		};
/* End PBXSourcesBuildPhase section */

/* Begin PBXTargetDependency section */
		28A37D292126BDF0008BA354 /* PBXTargetDependency */ = {
			isa = PBXTargetDependency;
			target = 28A37D142126BDEF008BA354 /* MetalRenderImage */;
			targetProxy = 28A37D282126BDF0008BA354 /* PBXContainerItemProxy */;
		};
/* End PBXTargetDependency section */

/* Begin PBXVariantGroup section */
		28A37D1E2126BDF0008BA354 /* Main.storyboard */ = {
			isa = PBXVariantGroup;
			children = (
				28A37D1F2126BDF0008BA354 /* Base */,
			);
			name = Main.storyboard;
			sourceTree = "<group>";
		};
/* End PBXVariantGroup section */

/* Begin XCBuildConfiguration section */
		28A37D2E2126BDF0008BA354 /* Debug */ = {
			isa = XCBuildConfiguration;
			buildSettings = {
				ALWAYS_SEARCH_USER_PATHS = NO;
				CLANG_ANALYZER_NONNULL = YES;
				CLANG_ANALYZER_NUMBER_OBJECT_CONVERSION = YES_AGGRESSIVE;
				CLANG_CXX_LANGUAGE_STANDARD = "gnu++14";
				CLANG_CXX_LIBRARY = "libc++";
				CLANG_ENABLE_MODULES = YES;
				CLANG_ENABLE_OBJC_ARC = YES;
				CLANG_ENABLE_OBJC_WEAK = YES;
				CLANG_WARN_BLOCK_CAPTURE_AUTORELEASING = YES;
				CLANG_WARN_BOOL_CONVERSION = YES;
				CLANG_WARN_COMMA = YES;
				CLANG_WARN_CONSTANT_CONVERSION = YES;
				CLANG_WARN_DEPRECATED_OBJC_IMPLEMENTATIONS = YES;
				CLANG_WARN_DIRECT_OBJC_ISA_USAGE = YES_ERROR;
				CLANG_WARN_DOCUMENTATION_COMMENTS = YES;
				CLANG_WARN_EMPTY_BODY = YES;
				CLANG_WARN_ENUM_CONVERSION = YES;
				CLANG_WARN_INFINITE_RECURSION = YES;
				CLANG_WARN_INT_CONVERSION = YES;
				CLANG_WARN_NON_LITERAL_NULL_CONVERSION = YES;
				CLANG_WARN_OBJC_IMPLICIT_RETAIN_SELF = YES;
				CLANG_WARN_OBJC_LITERAL_CONVERSION = YES;
				CLANG_WARN_OBJC_ROOT_CLASS = YES_ERROR;
				CLANG_WARN_RANGE_LOOP_ANALYSIS = YES;
				CLANG_WARN_STRICT_PROTOTYPES = YES;
				CLANG_WARN_SUSPICIOUS_MOVE = YES;
				CLANG_WARN_UNGUARDED_AVAILABILITY = YES_AGGRESSIVE;
				CLANG_WARN_UNREACHABLE_CODE = YES;
				CLANG_WARN__DUPLICATE_METHOD_MATCH = YES;
				CODE_SIGN_IDENTITY = "Mac Developer";
				COPY_PHASE_STRIP = NO;
				DEBUG_INFORMATION_FORMAT = dwarf;
				ENABLE_STRICT_OBJC_MSGSEND = YES;
				ENABLE_TESTABILITY = YES;
				GCC_C_LANGUAGE_STANDARD = gnu11;
				GCC_DYNAMIC_NO_PIC = NO;
				GCC_NO_COMMON_BLOCKS = YES;
				GCC_OPTIMIZATION_LEVEL = 0;
				GCC_PREPROCESSOR_DEFINITIONS = (
					"DEBUG=1",
					"$(inherited)",
				);
				GCC_WARN_64_TO_32_BIT_CONVERSION = YES;
				GCC_WARN_ABOUT_RETURN_TYPE = YES_ERROR;
				GCC_WARN_UNDECLARED_SELECTOR = YES;
				GCC_WARN_UNINITIALIZED_AUTOS = YES_AGGRESSIVE;
				GCC_WARN_UNUSED_FUNCTION = YES;
				GCC_WARN_UNUSED_VARIABLE = YES;
				MACOSX_DEPLOYMENT_TARGET = 10.13;
				MTL_ENABLE_DEBUG_INFO = YES;
				ONLY_ACTIVE_ARCH = YES;
				SDKROOT = macosx;
				SWIFT_ACTIVE_COMPILATION_CONDITIONS = DEBUG;
				SWIFT_OPTIMIZATION_LEVEL = "-Onone";
			};
			name = Debug;
		};
		28A37D2F2126BDF0008BA354 /* Release */ = {
			isa = XCBuildConfiguration;
			buildSettings = {
				ALWAYS_SEARCH_USER_PATHS = NO;
				CLANG_ANALYZER_NONNULL = YES;
				CLANG_ANALYZER_NUMBER_OBJECT_CONVERSION = YES_AGGRESSIVE;
				CLANG_CXX_LANGUAGE_STANDARD = "gnu++14";
				CLANG_CXX_LIBRARY = "libc++";
				CLANG_ENABLE_MODULES = YES;
				CLANG_ENABLE_OBJC_ARC = YES;
				CLANG_ENABLE_OBJC_WEAK = YES;
				CLANG_WARN_BLOCK_CAPTURE_AUTORELEASING = YES;
				CLANG_WARN_BOOL_CONVERSION = YES;
				CLANG_WARN_COMMA = YES;
				CLANG_WARN_CONSTANT_CONVERSION = YES;
				CLANG_WARN_DEPRECATED_OBJC_IMPLEMENTATIONS = YES;
				CLANG_WARN_DIRECT_OBJC_ISA_USAGE = YES_ERROR;
				CLANG_WARN_DOCUMENTATION_COMMENTS = YES;
				CLANG_WARN_EMPTY_BODY = YES;
				CLANG_WARN_ENUM_CONVERSION = YES;
				CLANG_WARN_INFINITE_RECURSION = YES;
				CLANG_WARN_INT_CONVERSION = YES;
				CLANG_WARN_NON_LITERAL_NULL_CONVERSION = YES;
				CLANG_WARN_OBJC_IMPLICIT_RETAIN_SELF = YES;
				CLANG_WARN_OBJC_LITERAL_CONVERSION = YES;
				CLANG_WARN_OBJC_ROOT_CLASS = YES_ERROR;
				CLANG_WARN_RANGE_LOOP_ANALYSIS = YES;
				CLANG_WARN_STRICT_PROTOTYPES = YES;
				CLANG_WARN_SUSPICIOUS_MOVE = YES;
				CLANG_WARN_UNGUARDED_AVAILABILITY = YES_AGGRESSIVE;
				CLANG_WARN_UNREACHABLE_CODE = YES;
				CLANG_WARN__DUPLICATE_METHOD_MATCH = YES;
				CODE_SIGN_IDENTITY = "Mac Developer";
				COPY_PHASE_STRIP = NO;
				DEBUG_INFORMATION_FORMAT = "dwarf-with-dsym";
				ENABLE_NS_ASSERTIONS = NO;
				ENABLE_STRICT_OBJC_MSGSEND = YES;
				GCC_C_LANGUAGE_STANDARD = gnu11;
				GCC_NO_COMMON_BLOCKS = YES;
				GCC_WARN_64_TO_32_BIT_CONVERSION = YES;
				GCC_WARN_ABOUT_RETURN_TYPE = YES_ERROR;
				GCC_WARN_UNDECLARED_SELECTOR = YES;
				GCC_WARN_UNINITIALIZED_AUTOS = YES_AGGRESSIVE;
				GCC_WARN_UNUSED_FUNCTION = YES;
				GCC_WARN_UNUSED_VARIABLE = YES;
				MACOSX_DEPLOYMENT_TARGET = 10.13;
				MTL_ENABLE_DEBUG_INFO = NO;
				SDKROOT = macosx;
				SWIFT_COMPILATION_MODE = wholemodule;
				SWIFT_OPTIMIZATION_LEVEL = "-O";
			};
			name = Release;
		};
		28A37D312126BDF0008BA354 /* Debug */ = {
			isa = XCBuildConfiguration;
			buildSettings = {
				ASSETCATALOG_COMPILER_APPICON_NAME = AppIcon;
				CODE_SIGN_ENTITLEMENTS = MetalRenderImage/MetalRenderImage.entitlements;
				CODE_SIGN_STYLE = Automatic;
				COMBINE_HIDPI_IMAGES = YES;
				DEVELOPMENT_TEAM = NBLDA4FP49;
				INFOPLIST_FILE = MetalRenderImage/Info.plist;
				LD_RUNPATH_SEARCH_PATHS = (
					"$(inherited)",
					"@executable_path/../Frameworks",
				);
				PRODUCT_BUNDLE_IDENTIFIER = com.shuheyhey.MetalRenderImage;
				PRODUCT_NAME = "$(TARGET_NAME)";
				SWIFT_VERSION = 4.0;
			};
			name = Debug;
		};
		28A37D322126BDF0008BA354 /* Release */ = {
			isa = XCBuildConfiguration;
			buildSettings = {
				ASSETCATALOG_COMPILER_APPICON_NAME = AppIcon;
				CODE_SIGN_ENTITLEMENTS = MetalRenderImage/MetalRenderImage.entitlements;
				CODE_SIGN_STYLE = Automatic;
				COMBINE_HIDPI_IMAGES = YES;
				DEVELOPMENT_TEAM = NBLDA4FP49;
				INFOPLIST_FILE = MetalRenderImage/Info.plist;
				LD_RUNPATH_SEARCH_PATHS = (
					"$(inherited)",
					"@executable_path/../Frameworks",
				);
				PRODUCT_BUNDLE_IDENTIFIER = com.shuheyhey.MetalRenderImage;
				PRODUCT_NAME = "$(TARGET_NAME)";
				SWIFT_VERSION = 4.0;
			};
			name = Release;
		};
		28A37D342126BDF0008BA354 /* Debug */ = {
			isa = XCBuildConfiguration;
			buildSettings = {
				ALWAYS_EMBED_SWIFT_STANDARD_LIBRARIES = YES;
				BUNDLE_LOADER = "$(TEST_HOST)";
				CODE_SIGN_STYLE = Automatic;
				COMBINE_HIDPI_IMAGES = YES;
				DEVELOPMENT_TEAM = NBLDA4FP49;
				INFOPLIST_FILE = MetalRenderImageTests/Info.plist;
				LD_RUNPATH_SEARCH_PATHS = (
					"$(inherited)",
					"@executable_path/../Frameworks",
					"@loader_path/../Frameworks",
				);
				PRODUCT_BUNDLE_IDENTIFIER = com.shuheyhey.MetalRenderImageTests;
				PRODUCT_NAME = "$(TARGET_NAME)";
				SWIFT_VERSION = 4.0;
				TEST_HOST = "$(BUILT_PRODUCTS_DIR)/MetalRenderImage.app/Contents/MacOS/MetalRenderImage";
			};
			name = Debug;
		};
		28A37D352126BDF0008BA354 /* Release */ = {
			isa = XCBuildConfiguration;
			buildSettings = {
				ALWAYS_EMBED_SWIFT_STANDARD_LIBRARIES = YES;
				BUNDLE_LOADER = "$(TEST_HOST)";
				CODE_SIGN_STYLE = Automatic;
				COMBINE_HIDPI_IMAGES = YES;
				DEVELOPMENT_TEAM = NBLDA4FP49;
				INFOPLIST_FILE = MetalRenderImageTests/Info.plist;
				LD_RUNPATH_SEARCH_PATHS = (
					"$(inherited)",
					"@executable_path/../Frameworks",
					"@loader_path/../Frameworks",
				);
				PRODUCT_BUNDLE_IDENTIFIER = com.shuheyhey.MetalRenderImageTests;
				PRODUCT_NAME = "$(TARGET_NAME)";
				SWIFT_VERSION = 4.0;
				TEST_HOST = "$(BUILT_PRODUCTS_DIR)/MetalRenderImage.app/Contents/MacOS/MetalRenderImage";
			};
			name = Release;
		};
/* End XCBuildConfiguration section */

/* Begin XCConfigurationList section */
		28A37D102126BDEF008BA354 /* Build configuration list for PBXProject "MetalRenderImage" */ = {
			isa = XCConfigurationList;
			buildConfigurations = (
				28A37D2E2126BDF0008BA354 /* Debug */,
				28A37D2F2126BDF0008BA354 /* Release */,
			);
			defaultConfigurationIsVisible = 0;
			defaultConfigurationName = Release;
		};
		28A37D302126BDF0008BA354 /* Build configuration list for PBXNativeTarget "MetalRenderImage" */ = {
			isa = XCConfigurationList;
			buildConfigurations = (
				28A37D312126BDF0008BA354 /* Debug */,
				28A37D322126BDF0008BA354 /* Release */,
			);
			defaultConfigurationIsVisible = 0;
			defaultConfigurationName = Release;
		};
		28A37D332126BDF0008BA354 /* Build configuration list for PBXNativeTarget "MetalRenderImageTests" */ = {
			isa = XCConfigurationList;
			buildConfigurations = (
				28A37D342126BDF0008BA354 /* Debug */,
				28A37D352126BDF0008BA354 /* Release */,
			);
			defaultConfigurationIsVisible = 0;
			defaultConfigurationName = Release;
		};
/* End XCConfigurationList section */
	};
	rootObject = 28A37D0D2126BDEF008BA354 /* Project object */;
}
